{
  "pins" : [
    {
      "identity" : "machokit",
      "kind" : "remoteSourceControl",
      "location" : "https://github.com/p-x9/MachOKit.git",
      "state" : {
        "revision" : "518e8e1aca7ee64b87b08ecec5f7cad2a63b8efd",
        "version" : "0.28.0"
      }
    },
    {
      "identity" : "swift-fishhook",
      "kind" : "remoteSourceControl",
      "location" : "https://github.com/p-x9/swift-fishhook",
      "state" : {
        "revision" : "101187186d4aba51902bce007702ba8bdad313f0",
        "version" : "0.5.0"
      }
    }
  ],
  "version" : 2
}
